
Microsoft Visual Studio Solution File, Format Version 12.00
# Visual Studio Version 17
VisualStudioVersion = 17.4.33110.190
MinimumVisualStudioVersion = 10.0.40219.1
Project("{FAE04EC0-301F-11D3-BF4B-00C04F79EFBC}") = "LightExcel", "LightExcel\LightExcel.csproj", "{72E3FCE6-9B81-4E00-A746-8CD10D72E84C}"
EndProject
Project("{FAE04EC0-301F-11D3-BF4B-00C04F79EFBC}") = "TestProject1", "TestProject1\TestProject1.csproj", "{3D579273-52DE-4FD6-85D3-3B5E5DD9EADA}"
EndProject
Global
	GlobalSection(SolutionConfigurationPlatforms) = preSolution
		Debug|Any CPU = Debug|Any CPU
		Release|Any CPU = Release|Any CPU
	EndGlobalSection
	GlobalSection(ProjectConfigurationPlatforms) = postSolution
		{72E3FCE6-9B81-4E00-A746-8CD10D72E84C}.Debug|Any CPU.ActiveCfg = Debug|Any CPU
		{72E3FCE6-9B81-4E00-A746-8CD10D72E84C}.Debug|Any CPU.Build.0 = Debug|Any CPU
		{72E3FCE6-9B81-4E00-A746-8CD10D72E84C}.Release|Any CPU.ActiveCfg = Release|Any CPU
		{72E3FCE6-9B81-4E00-A746-8CD10D72E84C}.Release|Any CPU.Build.0 = Release|Any CPU
		{3D579273-52DE-4FD6-85D3-3B5E5DD9EADA}.Debug|Any CPU.ActiveCfg = Debug|Any CPU
		{3D579273-52DE-4FD6-85D3-3B5E5DD9EADA}.Debug|Any CPU.Build.0 = Debug|Any CPU
		{3D579273-52DE-4FD6-85D3-3B5E5DD9EADA}.Release|Any CPU.ActiveCfg = Release|Any CPU
		{3D579273-52DE-4FD6-85D3-3B5E5DD9EADA}.Release|Any CPU.Build.0 = Release|Any CPU
	EndGlobalSection
	GlobalSection(SolutionProperties) = preSolution
		HideSolutionNode = FALSE
	EndGlobalSection
	GlobalSection(ExtensibilityGlobals) = postSolution
		SolutionGuid = {20AC327A-726A-4E95-BF78-ED643CAC84E9}
	EndGlobalSection
EndGlobal
